
Microsoft Visual Studio Solution File, Format Version 12.00
# Visual Studio 2012
Project("{FAE04EC0-301F-11D3-BF4B-00C04F79EFBC}") = "observer", "observer\observer.csproj", "{ECED1782-60D1-4C2D-9B37-C90BAB0EDE6B}"
EndProject
Global
	GlobalSection(SolutionConfigurationPlatforms) = preSolution
		Debug|Any CPU = Debug|Any CPU
		Release|Any CPU = Release|Any CPU
	EndGlobalSection
	GlobalSection(ProjectConfigurationPlatforms) = postSolution
		{ECED1782-60D1-4C2D-9B37-C90BAB0EDE6B}.Debug|Any CPU.ActiveCfg = Debug|Any CPU
		{ECED1782-60D1-4C2D-9B37-C90BAB0EDE6B}.Debug|Any CPU.Build.0 = Debug|Any CPU
		{ECED1782-60D1-4C2D-9B37-C90BAB0EDE6B}.Release|Any CPU.ActiveCfg = Release|Any CPU
		{ECED1782-60D1-4C2D-9B37-C90BAB0EDE6B}.Release|Any CPU.Build.0 = Release|Any CPU
	EndGlobalSection
EndGlobal
